
Microsoft Visual Studio Solution File, Format Version 11.00
# Visual Studio 2010
Project("{FAE04EC0-301F-11D3-BF4B-00C04F79EFBC}") = "Mvc4.SPA.Sample.Web", "Mvc4.SPA.Sample.Web\Mvc4.SPA.Sample.Web.csproj", "{28ADF945-AA3B-4187-9AA3-22D18BE9C75B}"
EndProject
Global
	GlobalSection(SolutionConfigurationPlatforms) = preSolution
		Debug|Any CPU = Debug|Any CPU
		Release|Any CPU = Release|Any CPU
	EndGlobalSection
	GlobalSection(ProjectConfigurationPlatforms) = postSolution
		{28ADF945-AA3B-4187-9AA3-22D18BE9C75B}.Debug|Any CPU.ActiveCfg = Debug|Any CPU
		{28ADF945-AA3B-4187-9AA3-22D18BE9C75B}.Debug|Any CPU.Build.0 = Debug|Any CPU
		{28ADF945-AA3B-4187-9AA3-22D18BE9C75B}.Release|Any CPU.ActiveCfg = Release|Any CPU
		{28ADF945-AA3B-4187-9AA3-22D18BE9C75B}.Release|Any CPU.Build.0 = Release|Any CPU
	EndGlobalSection
	GlobalSection(SolutionProperties) = preSolution
		HideSolutionNode = FALSE
	EndGlobalSection
EndGlobal
